
Microsoft Visual Studio Solution File, Format Version 12.00
# Visual Studio Version 17
VisualStudioVersion = 17.5.002.0
MinimumVisualStudioVersion = 10.0.40219.1
Project("{9A19103F-16F7-4668-BE54-9A1E7A4F7556}") = "JsonDataApi", "JsonDataApi.csproj", "{D16370EF-D3CD-4235-B066-C2154F36BFD4}"
EndProject
Global
	GlobalSection(SolutionConfigurationPlatforms) = preSolution
		Debug|Any CPU = Debug|Any CPU
		Release|Any CPU = Release|Any CPU
	EndGlobalSection
	GlobalSection(ProjectConfigurationPlatforms) = postSolution
		{D16370EF-D3CD-4235-B066-C2154F36BFD4}.Debug|Any CPU.ActiveCfg = Debug|Any CPU
		{D16370EF-D3CD-4235-B066-C2154F36BFD4}.Debug|Any CPU.Build.0 = Debug|Any CPU
		{D16370EF-D3CD-4235-B066-C2154F36BFD4}.Release|Any CPU.ActiveCfg = Release|Any CPU
		{D16370EF-D3CD-4235-B066-C2154F36BFD4}.Release|Any CPU.Build.0 = Release|Any CPU
	EndGlobalSection
	GlobalSection(SolutionProperties) = preSolution
		HideSolutionNode = FALSE
	EndGlobalSection
	GlobalSection(ExtensibilityGlobals) = postSolution
		SolutionGuid = {C4EEB39D-6967-4D89-95E4-6C848A4E7B40}
	EndGlobalSection
EndGlobal
